
Microsoft Visual Studio Solution File, Format Version 12.00
Project("{FAE04EC0-301F-11D3-BF4B-00C04F79EFBC}") = "Kata_1_Level_1", "Kata_1_Level_1\Kata_1_Level_1.csproj", "{76A5BB25-33DA-41F1-911A-8023E53F9B31}"
EndProject
Global
	GlobalSection(SolutionConfigurationPlatforms) = preSolution
		Debug|Any CPU = Debug|Any CPU
		Release|Any CPU = Release|Any CPU
	EndGlobalSection
	GlobalSection(ProjectConfigurationPlatforms) = postSolution
		{76A5BB25-33DA-41F1-911A-8023E53F9B31}.Debug|Any CPU.ActiveCfg = Debug|Any CPU
		{76A5BB25-33DA-41F1-911A-8023E53F9B31}.Debug|Any CPU.Build.0 = Debug|Any CPU
		{76A5BB25-33DA-41F1-911A-8023E53F9B31}.Release|Any CPU.ActiveCfg = Release|Any CPU
		{76A5BB25-33DA-41F1-911A-8023E53F9B31}.Release|Any CPU.Build.0 = Release|Any CPU
	EndGlobalSection
EndGlobal
